
Microsoft Visual Studio Solution File, Format Version 12.00
# Visual Studio 15
VisualStudioVersion = 15.0.26124.0
MinimumVisualStudioVersion = 15.0.26124.0
Project("{FAE04EC0-301F-11D3-BF4B-00C04F79EFBC}") = "OdeToFood.App", "OdeToFood.App\OdeToFood.App.csproj", "{73D4481B-DA99-471E-ABD4-7273903E9C44}"
EndProject
Project("{FAE04EC0-301F-11D3-BF4B-00C04F79EFBC}") = "OdeToFood.Core", "OdeToFood.Core\OdeToFood.Core.csproj", "{980005DA-434F-4028-8EC3-F02D490AECDB}"
EndProject
Project("{FAE04EC0-301F-11D3-BF4B-00C04F79EFBC}") = "OdeToFood.Data", "OdeToFood.Data\OdeToFood.Data.csproj", "{B0D70276-5A15-45C2-9064-5069A487A3CD}"
EndProject
Global
	GlobalSection(SolutionConfigurationPlatforms) = preSolution
		Debug|Any CPU = Debug|Any CPU
		Debug|x64 = Debug|x64
		Debug|x86 = Debug|x86
		Release|Any CPU = Release|Any CPU
		Release|x64 = Release|x64
		Release|x86 = Release|x86
	EndGlobalSection
	GlobalSection(SolutionProperties) = preSolution
		HideSolutionNode = FALSE
	EndGlobalSection
	GlobalSection(ProjectConfigurationPlatforms) = postSolution
		{73D4481B-DA99-471E-ABD4-7273903E9C44}.Debug|Any CPU.ActiveCfg = Debug|Any CPU
		{73D4481B-DA99-471E-ABD4-7273903E9C44}.Debug|Any CPU.Build.0 = Debug|Any CPU
		{73D4481B-DA99-471E-ABD4-7273903E9C44}.Debug|x64.ActiveCfg = Debug|Any CPU
		{73D4481B-DA99-471E-ABD4-7273903E9C44}.Debug|x64.Build.0 = Debug|Any CPU
		{73D4481B-DA99-471E-ABD4-7273903E9C44}.Debug|x86.ActiveCfg = Debug|Any CPU
		{73D4481B-DA99-471E-ABD4-7273903E9C44}.Debug|x86.Build.0 = Debug|Any CPU
		{73D4481B-DA99-471E-ABD4-7273903E9C44}.Release|Any CPU.ActiveCfg = Release|Any CPU
		{73D4481B-DA99-471E-ABD4-7273903E9C44}.Release|Any CPU.Build.0 = Release|Any CPU
		{73D4481B-DA99-471E-ABD4-7273903E9C44}.Release|x64.ActiveCfg = Release|Any CPU
		{73D4481B-DA99-471E-ABD4-7273903E9C44}.Release|x64.Build.0 = Release|Any CPU
		{73D4481B-DA99-471E-ABD4-7273903E9C44}.Release|x86.ActiveCfg = Release|Any CPU
		{73D4481B-DA99-471E-ABD4-7273903E9C44}.Release|x86.Build.0 = Release|Any CPU
		{980005DA-434F-4028-8EC3-F02D490AECDB}.Debug|Any CPU.ActiveCfg = Debug|Any CPU
		{980005DA-434F-4028-8EC3-F02D490AECDB}.Debug|Any CPU.Build.0 = Debug|Any CPU
		{980005DA-434F-4028-8EC3-F02D490AECDB}.Debug|x64.ActiveCfg = Debug|Any CPU
		{980005DA-434F-4028-8EC3-F02D490AECDB}.Debug|x64.Build.0 = Debug|Any CPU
		{980005DA-434F-4028-8EC3-F02D490AECDB}.Debug|x86.ActiveCfg = Debug|Any CPU
		{980005DA-434F-4028-8EC3-F02D490AECDB}.Debug|x86.Build.0 = Debug|Any CPU
		{980005DA-434F-4028-8EC3-F02D490AECDB}.Release|Any CPU.ActiveCfg = Release|Any CPU
		{980005DA-434F-4028-8EC3-F02D490AECDB}.Release|Any CPU.Build.0 = Release|Any CPU
		{980005DA-434F-4028-8EC3-F02D490AECDB}.Release|x64.ActiveCfg = Release|Any CPU
		{980005DA-434F-4028-8EC3-F02D490AECDB}.Release|x64.Build.0 = Release|Any CPU
		{980005DA-434F-4028-8EC3-F02D490AECDB}.Release|x86.ActiveCfg = Release|Any CPU
		{980005DA-434F-4028-8EC3-F02D490AECDB}.Release|x86.Build.0 = Release|Any CPU
		{B0D70276-5A15-45C2-9064-5069A487A3CD}.Debug|Any CPU.ActiveCfg = Debug|Any CPU
		{B0D70276-5A15-45C2-9064-5069A487A3CD}.Debug|Any CPU.Build.0 = Debug|Any CPU
		{B0D70276-5A15-45C2-9064-5069A487A3CD}.Debug|x64.ActiveCfg = Debug|Any CPU
		{B0D70276-5A15-45C2-9064-5069A487A3CD}.Debug|x64.Build.0 = Debug|Any CPU
		{B0D70276-5A15-45C2-9064-5069A487A3CD}.Debug|x86.ActiveCfg = Debug|Any CPU
		{B0D70276-5A15-45C2-9064-5069A487A3CD}.Debug|x86.Build.0 = Debug|Any CPU
		{B0D70276-5A15-45C2-9064-5069A487A3CD}.Release|Any CPU.ActiveCfg = Release|Any CPU
		{B0D70276-5A15-45C2-9064-5069A487A3CD}.Release|Any CPU.Build.0 = Release|Any CPU
		{B0D70276-5A15-45C2-9064-5069A487A3CD}.Release|x64.ActiveCfg = Release|Any CPU
		{B0D70276-5A15-45C2-9064-5069A487A3CD}.Release|x64.Build.0 = Release|Any CPU
		{B0D70276-5A15-45C2-9064-5069A487A3CD}.Release|x86.ActiveCfg = Release|Any CPU
		{B0D70276-5A15-45C2-9064-5069A487A3CD}.Release|x86.Build.0 = Release|Any CPU
	EndGlobalSection
EndGlobal
